<?xml version="1.0" encoding="utf-8"?>
<Project ToolsVersion="4.0" xmlns="http://schemas.microsoft.com/developer/msbuild/2003">
  <ItemGroup>
    <ClCompile Include="BubbleBobble.cpp" />
    <ClCompile Include="TitleLevel.cpp">
      <Filter>Level</Filter>
    </ClCompile>
    <ClCompile Include="PlayLevel.cpp">
      <Filter>Level</Filter>
    </ClCompile>
    <ClCompile Include="EndingLevel.cpp">
      <Filter>Level</Filter>
    </ClCompile>
    <ClCompile Include="TitleLogo.cpp">
      <Filter>Title</Filter>
    </ClCompile>
    <ClCompile Include="Player.cpp">
      <Filter>Play</Filter>
    </ClCompile>
    <ClCompile Include="Monster.cpp">
      <Filter>Play</Filter>
    </ClCompile>
    <ClCompile Include="EndingCredit.cpp">
      <Filter>Ending</Filter>
    </ClCompile>
  </ItemGroup>
  <ItemGroup>
    <ClInclude Include="BubbleBobble.h" />
    <ClInclude Include="TitleLevel.h">
      <Filter>Level</Filter>
    </ClInclude>
    <ClInclude Include="PlayLevel.h">
      <Filter>Level</Filter>
    </ClInclude>
    <ClInclude Include="EndingLevel.h">
      <Filter>Level</Filter>
    </ClInclude>
    <ClInclude Include="TitleLogo.h">
      <Filter>Title</Filter>
    </ClInclude>
    <ClInclude Include="Player.h">
      <Filter>Play</Filter>
    </ClInclude>
    <ClInclude Include="Monster.h">
      <Filter>Play</Filter>
    </ClInclude>
    <ClInclude Include="EndingCredit.h">
      <Filter>Ending</Filter>
    </ClInclude>
  </ItemGroup>
  <ItemGroup>
    <Filter Include="Level">
      <UniqueIdentifier>{cc370013-6c3a-4467-981f-0fb90c37f021}</UniqueIdentifier>
    </Filter>
    <Filter Include="Title">
      <UniqueIdentifier>{1e09a169-ce74-4350-b651-11d7db7d594d}</UniqueIdentifier>
    </Filter>
    <Filter Include="Play">
      <UniqueIdentifier>{9b4c9be8-0412-48af-8055-4df040d3f522}</UniqueIdentifier>
    </Filter>
    <Filter Include="Ending">
      <UniqueIdentifier>{edfdc2b4-e2bb-42a8-bcce-e4227fa59d7b}</UniqueIdentifier>
    </Filter>
  </ItemGroup>
</Project>